
Microsoft Visual Studio Solution File, Format Version 12.00
# Visual Studio 15
VisualStudioVersion = 15.0.26730.10
MinimumVisualStudioVersion = 10.0.40219.1
Project("{FAE04EC0-301F-11D3-BF4B-00C04F79EFBC}") = "SlutServer", "SlutServer\SlutServer.csproj", "{E5821AB0-555F-412A-8342-29DEB7FED878}"
EndProject
Project("{FAE04EC0-301F-11D3-BF4B-00C04F79EFBC}") = "Slut", "..\AdvBank\Slut\Slut.csproj", "{22AB7DA2-47A8-4737-83B0-8BE35CB839B6}"
EndProject
Global
	GlobalSection(SolutionConfigurationPlatforms) = preSolution
		Debug|Any CPU = Debug|Any CPU
		Release|Any CPU = Release|Any CPU
	EndGlobalSection
	GlobalSection(ProjectConfigurationPlatforms) = postSolution
		{E5821AB0-555F-412A-8342-29DEB7FED878}.Debug|Any CPU.ActiveCfg = Debug|Any CPU
		{E5821AB0-555F-412A-8342-29DEB7FED878}.Debug|Any CPU.Build.0 = Debug|Any CPU
		{E5821AB0-555F-412A-8342-29DEB7FED878}.Release|Any CPU.ActiveCfg = Release|Any CPU
		{E5821AB0-555F-412A-8342-29DEB7FED878}.Release|Any CPU.Build.0 = Release|Any CPU
		{22AB7DA2-47A8-4737-83B0-8BE35CB839B6}.Debug|Any CPU.ActiveCfg = Debug|Any CPU
		{22AB7DA2-47A8-4737-83B0-8BE35CB839B6}.Debug|Any CPU.Build.0 = Debug|Any CPU
		{22AB7DA2-47A8-4737-83B0-8BE35CB839B6}.Release|Any CPU.ActiveCfg = Release|Any CPU
		{22AB7DA2-47A8-4737-83B0-8BE35CB839B6}.Release|Any CPU.Build.0 = Release|Any CPU
	EndGlobalSection
	GlobalSection(SolutionProperties) = preSolution
		HideSolutionNode = FALSE
	EndGlobalSection
	GlobalSection(ExtensibilityGlobals) = postSolution
		SolutionGuid = {5BF3E950-8AD3-410B-A511-40D64F79AE68}
	EndGlobalSection
EndGlobal
